
Microsoft Visual Studio Solution File, Format Version 12.00
# Visual Studio 15
VisualStudioVersion = 15.0.26730.15
MinimumVisualStudioVersion = 10.0.40219.1
Project("{FAE04EC0-301F-11D3-BF4B-00C04F79EFBC}") = "Linkedin", "Linkedin\Linkedin.csproj", "{9B4830BD-EC8B-4C70-B923-3E2C73E4C9F5}"
EndProject
Global
	GlobalSection(SolutionConfigurationPlatforms) = preSolution
		Debug|Any CPU = Debug|Any CPU
		Release|Any CPU = Release|Any CPU
	EndGlobalSection
	GlobalSection(ProjectConfigurationPlatforms) = postSolution
		{9B4830BD-EC8B-4C70-B923-3E2C73E4C9F5}.Debug|Any CPU.ActiveCfg = Debug|Any CPU
		{9B4830BD-EC8B-4C70-B923-3E2C73E4C9F5}.Debug|Any CPU.Build.0 = Debug|Any CPU
		{9B4830BD-EC8B-4C70-B923-3E2C73E4C9F5}.Release|Any CPU.ActiveCfg = Release|Any CPU
		{9B4830BD-EC8B-4C70-B923-3E2C73E4C9F5}.Release|Any CPU.Build.0 = Release|Any CPU
	EndGlobalSection
	GlobalSection(SolutionProperties) = preSolution
		HideSolutionNode = FALSE
	EndGlobalSection
	GlobalSection(ExtensibilityGlobals) = postSolution
		SolutionGuid = {0E2E69A8-84F0-4546-97EC-976642176DD7}
	EndGlobalSection
EndGlobal
